# Generated by mvl. Do not edit manually.
# Commit this file to source control for reproducible builds.

[[package]]
name = "github.com/mvl-lang/pkg-http"
version = "0.2.0"
hash = "sha256:e9299bccffefba5712e5ba769cf760d4f235ec07c58f41a948ecc60235ad14c3"
commit = "cdde87ab5650d79b3d8fcfdbdaae3bd1706c7cca"
git = "https://github.com/mvl-lang/pkg-http"
