# Generated by mvl. Do not edit manually.
# Commit this file to source control for reproducible builds.

[[package]]
name = "github.com/mvl-lang/pkg-sqlite"
version = "0.1.2"
hash = "sha256:e55934cc144aff4868691ac16da6f90bb794189cc7a0e741d2fc623c4bc5edbd"
commit = "4df9d7d2bc40fcccc87a3c1e09ec44b393942940"
git = "https://github.com/mvl-lang/pkg-sqlite"
