# Generated by mvl. Do not edit manually.
# Commit this file to source control for reproducible builds.

[[package]]
name = "github.com/mvl-lang/pkg-sqlite"
version = "0.1.3"
hash = "sha256:7a78e582685beda9064ff9c9d54c3a642daf3b7ef275b0900b46bbb33d3fb7a1"
commit = "c92cc55ab54b388d3e4897d907a5d04c0818eefa"
git = "https://github.com/mvl-lang/pkg-sqlite"
