# Generated by mvl. Do not edit manually.
# Commit this file to source control for reproducible builds.

[[package]]
name = "github.com/mvl-lang/pkg-http"
version = "0.2.0"
hash = "sha256:e9299bccffefba5712e5ba769cf760d4f235ec07c58f41a948ecc60235ad14c3"
commit = "cdde87ab5650d79b3d8fcfdbdaae3bd1706c7cca"
git = "https://github.com/mvl-lang/pkg-http"

[[package]]
name = "github.com/mvl-lang/pkg-sqlite"
version = "0.1.2"
hash = "sha256:e55934cc144aff4868691ac16da6f90bb794189cc7a0e741d2fc623c4bc5edbd"
commit = "4df9d7d2bc40fcccc87a3c1e09ec44b393942940"
git = "https://github.com/mvl-lang/pkg-sqlite"

[[package]]
name = "github.com/mvl-lang/pkg-zmq"
version = "0.1.0"
hash = "sha256:076b5ccb05602166a2b478f80fa13ec36eecfa318f6d9ccb1f2d6b2748d1c20b"
commit = "0cc10e6d79ce72601897ccf5e5433cc7c9be3809"
git = "https://github.com/mvl-lang/pkg-zmq"

[[package]]
name = "github.com/mvl-lang/pkg-anthropic"
version = "0.1.0"
hash = "sha256:2ee018afa2da13d72fbab3efd499307434c8d891b9032e0833c2145c3ec7d826"
commit = "f69a195e197551b8120416cfd85a2a7fafbec47d"
git = "https://github.com/mvl-lang/pkg-anthropic"

[[package]]
name = "github.com/mvl-lang/pkg-tls"
version = "0.1.0"
hash = "sha256:0a075023d01d387e7c4e7474cc0abbc8c8ac6b7b2bbc447527ac030e3545a20d"
commit = "4f2829f6462f50e98ebd5a4c71edf8fcd3c92260"
git = "https://github.com/mvl-lang/pkg-tls"
