# Generated by mvl. Do not edit manually.
# Commit this file to source control for reproducible builds.

[[package]]
name = "github.com/mvl-lang/pkg-anthropic"
version = "0.1.0"
hash = "sha256:2ee018afa2da13d72fbab3efd499307434c8d891b9032e0833c2145c3ec7d826"
commit = "f69a195e197551b8120416cfd85a2a7fafbec47d"
git = "https://github.com/mvl-lang/pkg-anthropic"
