# Generated by mvl. Do not edit manually.
# Commit this file to source control for reproducible builds.

[[package]]
name = "github.com/mvl-lang/pkg-zmq"
version = "0.2.0"
hash = "sha256:10a930a80ae240bd9bb22f593d66bd61a1b91eeae13906b2f619cae005333135"
commit = "c386b652ad226b197b80bb94b0a3a849c41aa73b"
git = "https://github.com/mvl-lang/pkg-zmq"
