# Generated by mvl. Do not edit manually.
# Commit this file to source control for reproducible builds.

[[package]]
name = "github.com/mvl-lang/pkg-sqlite"
version = "0.1.1"
hash = "sha256:e55934cc144aff4868691ac16da6f90bb794189cc7a0e741d2fc623c4bc5edbd"
commit = "a4363eb3c28462ea7e780f7642eaa2d43327b72e"
git = "https://github.com/mvl-lang/pkg-sqlite"

[[package]]
name = "github.com/mvl-lang/pkg-http"
version = "0.1.1"
hash = "sha256:57a74f3d93f1941b71ce67831c47a11b1fa1c3bf3b90e84504097fa402513ee7"
commit = "353d15db032eceb3c62f5c9530de82a79ff1954f"
git = "https://github.com/mvl-lang/pkg-http"
